// !$*UTF8*$!
{
	archiveVersion = 1;
	classes = {
	};
	objectVersion = 50;
	objects = {

/* Begin PBXBuildFile section */
		B16EEE4024A371010068FDEF /* AppDelegate.swift in Sources */ = {isa = PBXBuildFile; fileRef = B16EEE3F24A371010068FDEF /* AppDelegate.swift */; };
		B16EEE4224A371010068FDEF /* SceneDelegate.swift in Sources */ = {isa = PBXBuildFile; fileRef = B16EEE4124A371010068FDEF /* SceneDelegate.swift */; };
		B16EEE4424A371010068FDEF /* ContentView.swift in Sources */ = {isa = PBXBuildFile; fileRef = B16EEE4324A371010068FDEF /* ContentView.swift */; };
		B16EEE4624A371030068FDEF /* Assets.xcassets in Resources */ = {isa = PBXBuildFile; fileRef = B16EEE4524A371030068FDEF /* Assets.xcassets */; };
		B16EEE4924A371030068FDEF /* Preview Assets.xcassets in Resources */ = {isa = PBXBuildFile; fileRef = B16EEE4824A371030068FDEF /* Preview Assets.xcassets */; };
		B16EEE4C24A371030068FDEF /* LaunchScreen.storyboard in Resources */ = {isa = PBXBuildFile; fileRef = B16EEE4A24A371030068FDEF /* LaunchScreen.storyboard */; };
		B16EEE5424A3C9100068FDEF /* gradients.json in Resources */ = {isa = PBXBuildFile; fileRef = B16EEE5324A3C9100068FDEF /* gradients.json */; };
		B16EEE5624A3D6D20068FDEF /* Helpers.swift in Sources */ = {isa = PBXBuildFile; fileRef = B16EEE5524A3D6D20068FDEF /* Helpers.swift */; };
/* End PBXBuildFile section */

/* Begin PBXFileReference section */
		B16EEE3C24A371010068FDEF /* Gradient Background Maker.app */ = {isa = PBXFileReference; explicitFileType = wrapper.application; includeInIndex = 0; path = "Gradient Background Maker.app"; sourceTree = BUILT_PRODUCTS_DIR; };
		B16EEE3F24A371010068FDEF /* AppDelegate.swift */ = {isa = PBXFileReference; lastKnownFileType = sourcecode.swift; path = AppDelegate.swift; sourceTree = "<group>"; };
		B16EEE4124A371010068FDEF /* SceneDelegate.swift */ = {isa = PBXFileReference; lastKnownFileType = sourcecode.swift; path = SceneDelegate.swift; sourceTree = "<group>"; };
		B16EEE4324A371010068FDEF /* ContentView.swift */ = {isa = PBXFileReference; lastKnownFileType = sourcecode.swift; path = ContentView.swift; sourceTree = "<group>"; };
		B16EEE4524A371030068FDEF /* Assets.xcassets */ = {isa = PBXFileReference; lastKnownFileType = folder.assetcatalog; path = Assets.xcassets; sourceTree = "<group>"; };
		B16EEE4824A371030068FDEF /* Preview Assets.xcassets */ = {isa = PBXFileReference; lastKnownFileType = folder.assetcatalog; path = "Preview Assets.xcassets"; sourceTree = "<group>"; };
		B16EEE4B24A371030068FDEF /* Base */ = {isa = PBXFileReference; lastKnownFileType = file.storyboard; name = Base; path = Base.lproj/LaunchScreen.storyboard; sourceTree = "<group>"; };
		B16EEE4D24A371030068FDEF /* Info.plist */ = {isa = PBXFileReference; lastKnownFileType = text.plist.xml; path = Info.plist; sourceTree = "<group>"; };
		B16EEE5324A3C9100068FDEF /* gradients.json */ = {isa = PBXFileReference; fileEncoding = 4; lastKnownFileType = text.json; path = gradients.json; sourceTree = "<group>"; };
		B16EEE5524A3D6D20068FDEF /* Helpers.swift */ = {isa = PBXFileReference; lastKnownFileType = sourcecode.swift; path = Helpers.swift; sourceTree = "<group>"; };
/* End PBXFileReference section */

/* Begin PBXFrameworksBuildPhase section */
		B16EEE3924A371000068FDEF /* Frameworks */ = {
			isa = PBXFrameworksBuildPhase;
			buildActionMask = 2147483647;
			files = (
			);
			runOnlyForDeploymentPostprocessing = 0;
		};
/* End PBXFrameworksBuildPhase section */

/* Begin PBXGroup section */
		B16EEE3324A371000068FDEF = {
			isa = PBXGroup;
			children = (
				B16EEE3E24A371010068FDEF /* Gradient Background Maker */,
				B16EEE3D24A371010068FDEF /* Products */,
			);
			sourceTree = "<group>";
		};
		B16EEE3D24A371010068FDEF /* Products */ = {
			isa = PBXGroup;
			children = (
				B16EEE3C24A371010068FDEF /* Gradient Background Maker.app */,
			);
			name = Products;
			sourceTree = "<group>";
		};
		B16EEE3E24A371010068FDEF /* Gradient Background Maker */ = {
			isa = PBXGroup;
			children = (
				B16EEE3F24A371010068FDEF /* AppDelegate.swift */,
				B16EEE4124A371010068FDEF /* SceneDelegate.swift */,
				B16EEE4324A371010068FDEF /* ContentView.swift */,
				B16EEE5524A3D6D20068FDEF /* Helpers.swift */,
				B16EEE5324A3C9100068FDEF /* gradients.json */,
				B16EEE4524A371030068FDEF /* Assets.xcassets */,
				B16EEE4A24A371030068FDEF /* LaunchScreen.storyboard */,
				B16EEE4D24A371030068FDEF /* Info.plist */,
				B16EEE4724A371030068FDEF /* Preview Content */,
			);
			path = "Gradient Background Maker";
			sourceTree = "<group>";
		};
		B16EEE4724A371030068FDEF /* Preview Content */ = {
			isa = PBXGroup;
			children = (
				B16EEE4824A371030068FDEF /* Preview Assets.xcassets */,
			);
			path = "Preview Content";
			sourceTree = "<group>";
		};
/* End PBXGroup section */

/* Begin PBXNativeTarget section */
		B16EEE3B24A371000068FDEF /* Gradient Background Maker */ = {
			isa = PBXNativeTarget;
			buildConfigurationList = B16EEE5024A371030068FDEF /* Build configuration list for PBXNativeTarget "Gradient Background Maker" */;
			buildPhases = (
				B16EEE3824A371000068FDEF /* Sources */,
				B16EEE3924A371000068FDEF /* Frameworks */,
				B16EEE3A24A371000068FDEF /* Resources */,
			);
			buildRules = (
			);
			dependencies = (
			);
			name = "Gradient Background Maker";
			productName = "Gradient Background Maker";
			productReference = B16EEE3C24A371010068FDEF /* Gradient Background Maker.app */;
			productType = "com.apple.product-type.application";
		};
/* End PBXNativeTarget section */

/* Begin PBXProject section */
		B16EEE3424A371000068FDEF /* Project object */ = {
			isa = PBXProject;
			attributes = {
				LastSwiftUpdateCheck = 1150;
				LastUpgradeCheck = 1150;
				ORGANIZATIONNAME = "Deepesh Deshumkh";
				TargetAttributes = {
					B16EEE3B24A371000068FDEF = {
						CreatedOnToolsVersion = 11.5;
					};
				};
			};
			buildConfigurationList = B16EEE3724A371000068FDEF /* Build configuration list for PBXProject "Gradient Background Maker" */;
			compatibilityVersion = "Xcode 9.3";
			developmentRegion = en;
			hasScannedForEncodings = 0;
			knownRegions = (
				en,
				Base,
			);
			mainGroup = B16EEE3324A371000068FDEF;
			productRefGroup = B16EEE3D24A371010068FDEF /* Products */;
			projectDirPath = "";
			projectRoot = "";
			targets = (
				B16EEE3B24A371000068FDEF /* Gradient Background Maker */,
			);
		};
/* End PBXProject section */

/* Begin PBXResourcesBuildPhase section */
		B16EEE3A24A371000068FDEF /* Resources */ = {
			isa = PBXResourcesBuildPhase;
			buildActionMask = 2147483647;
			files = (
				B16EEE4C24A371030068FDEF /* LaunchScreen.storyboard in Resources */,
				B16EEE4924A371030068FDEF /* Preview Assets.xcassets in Resources */,
				B16EEE4624A371030068FDEF /* Assets.xcassets in Resources */,
				B16EEE5424A3C9100068FDEF /* gradients.json in Resources */,
			);
			runOnlyForDeploymentPostprocessing = 0;
		};
/* End PBXResourcesBuildPhase section */

/* Begin PBXSourcesBuildPhase section */
		B16EEE3824A371000068FDEF /* Sources */ = {
			isa = PBXSourcesBuildPhase;
			buildActionMask = 2147483647;
			files = (
				B16EEE4024A371010068FDEF /* AppDelegate.swift in Sources */,
				B16EEE4224A371010068FDEF /* SceneDelegate.swift in Sources */,
				B16EEE4424A371010068FDEF /* ContentView.swift in Sources */,
				B16EEE5624A3D6D20068FDEF /* Helpers.swift in Sources */,
			);
			runOnlyForDeploymentPostprocessing = 0;
		};
/* End PBXSourcesBuildPhase section */

/* Begin PBXVariantGroup section */
		B16EEE4A24A371030068FDEF /* LaunchScreen.storyboard */ = {
			isa = PBXVariantGroup;
			children = (
				B16EEE4B24A371030068FDEF /* Base */,
			);
			name = LaunchScreen.storyboard;
			sourceTree = "<group>";
		};
/* End PBXVariantGroup section */

/* Begin XCBuildConfiguration section */
		B16EEE4E24A371030068FDEF /* Debug */ = {
			isa = XCBuildConfiguration;
			buildSettings = {
				ALWAYS_SEARCH_USER_PATHS = NO;
				CLANG_ANALYZER_NONNULL = YES;
				CLANG_ANALYZER_NUMBER_OBJECT_CONVERSION = YES_AGGRESSIVE;
				CLANG_CXX_LANGUAGE_STANDARD = "gnu++14";
				CLANG_CXX_LIBRARY = "libc++";
				CLANG_ENABLE_MODULES = YES;
				CLANG_ENABLE_OBJC_ARC = YES;
				CLANG_ENABLE_OBJC_WEAK = YES;
				CLANG_WARN_BLOCK_CAPTURE_AUTORELEASING = YES;
				CLANG_WARN_BOOL_CONVERSION = YES;
				CLANG_WARN_COMMA = YES;
				CLANG_WARN_CONSTANT_CONVERSION = YES;
				CLANG_WARN_DEPRECATED_OBJC_IMPLEMENTATIONS = YES;
				CLANG_WARN_DIRECT_OBJC_ISA_USAGE = YES_ERROR;
				CLANG_WARN_DOCUMENTATION_COMMENTS = YES;
				CLANG_WARN_EMPTY_BODY = YES;
				CLANG_WARN_ENUM_CONVERSION = YES;
				CLANG_WARN_INFINITE_RECURSION = YES;
				CLANG_WARN_INT_CONVERSION = YES;
				CLANG_WARN_NON_LITERAL_NULL_CONVERSION = YES;
				CLANG_WARN_OBJC_IMPLICIT_RETAIN_SELF = YES;
				CLANG_WARN_OBJC_LITERAL_CONVERSION = YES;
				CLANG_WARN_OBJC_ROOT_CLASS = YES_ERROR;
				CLANG_WARN_RANGE_LOOP_ANALYSIS = YES;
				CLANG_WARN_STRICT_PROTOTYPES = YES;
				CLANG_WARN_SUSPICIOUS_MOVE = YES;
				CLANG_WARN_UNGUARDED_AVAILABILITY = YES_AGGRESSIVE;
				CLANG_WARN_UNREACHABLE_CODE = YES;
				CLANG_WARN__DUPLICATE_METHOD_MATCH = YES;
				COPY_PHASE_STRIP = NO;
				DEBUG_INFORMATION_FORMAT = dwarf;
				ENABLE_STRICT_OBJC_MSGSEND = YES;
				ENABLE_TESTABILITY = YES;
				GCC_C_LANGUAGE_STANDARD = gnu11;
				GCC_DYNAMIC_NO_PIC = NO;
				GCC_NO_COMMON_BLOCKS = YES;
				GCC_OPTIMIZATION_LEVEL = 0;
				GCC_PREPROCESSOR_DEFINITIONS = (
					"DEBUG=1",
					"$(inherited)",
				);
				GCC_WARN_64_TO_32_BIT_CONVERSION = YES;
				GCC_WARN_ABOUT_RETURN_TYPE = YES_ERROR;
				GCC_WARN_UNDECLARED_SELECTOR = YES;
				GCC_WARN_UNINITIALIZED_AUTOS = YES_AGGRESSIVE;
				GCC_WARN_UNUSED_FUNCTION = YES;
				GCC_WARN_UNUSED_VARIABLE = YES;
				IPHONEOS_DEPLOYMENT_TARGET = 13.5;
				MTL_ENABLE_DEBUG_INFO = INCLUDE_SOURCE;
				MTL_FAST_MATH = YES;
				ONLY_ACTIVE_ARCH = YES;
				SDKROOT = iphoneos;
				SWIFT_ACTIVE_COMPILATION_CONDITIONS = DEBUG;
				SWIFT_OPTIMIZATION_LEVEL = "-Onone";
			};
			name = Debug;
		};
		B16EEE4F24A371030068FDEF /* Release */ = {
			isa = XCBuildConfiguration;
			buildSettings = {
				ALWAYS_SEARCH_USER_PATHS = NO;
				CLANG_ANALYZER_NONNULL = YES;
				CLANG_ANALYZER_NUMBER_OBJECT_CONVERSION = YES_AGGRESSIVE;
				CLANG_CXX_LANGUAGE_STANDARD = "gnu++14";
				CLANG_CXX_LIBRARY = "libc++";
				CLANG_ENABLE_MODULES = YES;
				CLANG_ENABLE_OBJC_ARC = YES;
				CLANG_ENABLE_OBJC_WEAK = YES;
				CLANG_WARN_BLOCK_CAPTURE_AUTORELEASING = YES;
				CLANG_WARN_BOOL_CONVERSION = YES;
				CLANG_WARN_COMMA = YES;
				CLANG_WARN_CONSTANT_CONVERSION = YES;
				CLANG_WARN_DEPRECATED_OBJC_IMPLEMENTATIONS = YES;
				CLANG_WARN_DIRECT_OBJC_ISA_USAGE = YES_ERROR;
				CLANG_WARN_DOCUMENTATION_COMMENTS = YES;
				CLANG_WARN_EMPTY_BODY = YES;
				CLANG_WARN_ENUM_CONVERSION = YES;
				CLANG_WARN_INFINITE_RECURSION = YES;
				CLANG_WARN_INT_CONVERSION = YES;
				CLANG_WARN_NON_LITERAL_NULL_CONVERSION = YES;
				CLANG_WARN_OBJC_IMPLICIT_RETAIN_SELF = YES;
				CLANG_WARN_OBJC_LITERAL_CONVERSION = YES;
				CLANG_WARN_OBJC_ROOT_CLASS = YES_ERROR;
				CLANG_WARN_RANGE_LOOP_ANALYSIS = YES;
				CLANG_WARN_STRICT_PROTOTYPES = YES;
				CLANG_WARN_SUSPICIOUS_MOVE = YES;
				CLANG_WARN_UNGUARDED_AVAILABILITY = YES_AGGRESSIVE;
				CLANG_WARN_UNREACHABLE_CODE = YES;
				CLANG_WARN__DUPLICATE_METHOD_MATCH = YES;
				COPY_PHASE_STRIP = NO;
				DEBUG_INFORMATION_FORMAT = "dwarf-with-dsym";
				ENABLE_NS_ASSERTIONS = NO;
				ENABLE_STRICT_OBJC_MSGSEND = YES;
				GCC_C_LANGUAGE_STANDARD = gnu11;
				GCC_NO_COMMON_BLOCKS = YES;
				GCC_WARN_64_TO_32_BIT_CONVERSION = YES;
				GCC_WARN_ABOUT_RETURN_TYPE = YES_ERROR;
				GCC_WARN_UNDECLARED_SELECTOR = YES;
				GCC_WARN_UNINITIALIZED_AUTOS = YES_AGGRESSIVE;
				GCC_WARN_UNUSED_FUNCTION = YES;
				GCC_WARN_UNUSED_VARIABLE = YES;
				IPHONEOS_DEPLOYMENT_TARGET = 13.5;
				MTL_ENABLE_DEBUG_INFO = NO;
				MTL_FAST_MATH = YES;
				SDKROOT = iphoneos;
				SWIFT_COMPILATION_MODE = wholemodule;
				SWIFT_OPTIMIZATION_LEVEL = "-O";
				VALIDATE_PRODUCT = YES;
			};
			name = Release;
		};
		B16EEE5124A371030068FDEF /* Debug */ = {
			isa = XCBuildConfiguration;
			buildSettings = {
				ASSETCATALOG_COMPILER_APPICON_NAME = AppIcon;
				CODE_SIGN_STYLE = Automatic;
				DEVELOPMENT_ASSET_PATHS = "\"Gradient Background Maker/Preview Content\"";
				ENABLE_PREVIEWS = YES;
				INFOPLIST_FILE = "Gradient Background Maker/Info.plist";
				LD_RUNPATH_SEARCH_PATHS = (
					"$(inherited)",
					"@executable_path/Frameworks",
				);
				PRODUCT_BUNDLE_IDENTIFIER = "deepesh.Gradient-Background-Maker";
				PRODUCT_NAME = "$(TARGET_NAME)";
				SWIFT_VERSION = 5.0;
				TARGETED_DEVICE_FAMILY = "1,2";
			};
			name = Debug;
		};
		B16EEE5224A371030068FDEF /* Release */ = {
			isa = XCBuildConfiguration;
			buildSettings = {
				ASSETCATALOG_COMPILER_APPICON_NAME = AppIcon;
				CODE_SIGN_STYLE = Automatic;
				DEVELOPMENT_ASSET_PATHS = "\"Gradient Background Maker/Preview Content\"";
				ENABLE_PREVIEWS = YES;
				INFOPLIST_FILE = "Gradient Background Maker/Info.plist";
				LD_RUNPATH_SEARCH_PATHS = (
					"$(inherited)",
					"@executable_path/Frameworks",
				);
				PRODUCT_BUNDLE_IDENTIFIER = "deepesh.Gradient-Background-Maker";
				PRODUCT_NAME = "$(TARGET_NAME)";
				SWIFT_VERSION = 5.0;
				TARGETED_DEVICE_FAMILY = "1,2";
			};
			name = Release;
		};
/* End XCBuildConfiguration section */

/* Begin XCConfigurationList section */
		B16EEE3724A371000068FDEF /* Build configuration list for PBXProject "Gradient Background Maker" */ = {
			isa = XCConfigurationList;
			buildConfigurations = (
				B16EEE4E24A371030068FDEF /* Debug */,
				B16EEE4F24A371030068FDEF /* Release */,
			);
			defaultConfigurationIsVisible = 0;
			defaultConfigurationName = Release;
		};
		B16EEE5024A371030068FDEF /* Build configuration list for PBXNativeTarget "Gradient Background Maker" */ = {
			isa = XCConfigurationList;
			buildConfigurations = (
				B16EEE5124A371030068FDEF /* Debug */,
				B16EEE5224A371030068FDEF /* Release */,
			);
			defaultConfigurationIsVisible = 0;
			defaultConfigurationName = Release;
		};
/* End XCConfigurationList section */
	};
	rootObject = B16EEE3424A371000068FDEF /* Project object */;
}
